<?xml version="1.0" encoding="utf-8"?>
<Project ToolsVersion="4.0" xmlns="http://schemas.microsoft.com/developer/msbuild/2003">
  <ItemGroup>
    <Filter Include="Source Files">
      <UniqueIdentifier>{4FC737F1-C7A5-4376-A066-2A32D752A2FF}</UniqueIdentifier>
      <Extensions>cpp;c;cc;cxx;def;odl;idl;hpj;bat;asm;asmx</Extensions>
    </Filter>
    <Filter Include="Header Files">
      <UniqueIdentifier>{93995380-89BD-4b04-88EB-625FBE52EBFB}</UniqueIdentifier>
      <Extensions>h;hh;hpp;hxx;hm;inl;inc;xsd</Extensions>
    </Filter>
    <Filter Include="Resource Files">
      <UniqueIdentifier>{67DA6AB6-F800-4c08-8B7A-83BB121AAD01}</UniqueIdentifier>
      <Extensions>rc;ico;cur;bmp;dlg;rc2;rct;bin;rgs;gif;jpg;jpeg;jpe;resx;tiff;tif;png;wav;mfcribbon-ms</Extensions>
    </Filter>
    <Filter Include="Source Files\racing demo">
      <UniqueIdentifier>{597c1647-4a3f-43ca-a9a4-63e326b63490}</UniqueIdentifier>
    </Filter>
    <Filter Include="Source Files\physics demo">
      <UniqueIdentifier>{c202890a-6f1c-4af2-b767-6dea8de9b0af}</UniqueIdentifier>
    </Filter>
    <Filter Include="Source Files\cave demo">
      <UniqueIdentifier>{57f06f0c-36c1-4bd2-82c5-c6b311c426b6}</UniqueIdentifier>
    </Filter>
    <Filter Include="Source Files\network demo">
      <UniqueIdentifier>{42cb5927-966f-4a0d-a780-2976b2d3e224}</UniqueIdentifier>
    </Filter>
  </ItemGroup>
  <ItemGroup>
    <ClInclude Include="include\Game.hpp">
      <Filter>Header Files</Filter>
    </ClInclude>
    <ClInclude Include="include\MenuMainState.hpp">
      <Filter>Header Files</Filter>
    </ClInclude>
    <ClInclude Include="include\StateIds.hpp">
      <Filter>Header Files</Filter>
    </ClInclude>
    <ClInclude Include="include\MenuOptionState.hpp">
      <Filter>Header Files</Filter>
    </ClInclude>
    <ClInclude Include="include\ParticleDemoState.hpp">
      <Filter>Header Files</Filter>
    </ClInclude>
    <ClInclude Include="include\PhysicsDemoState.hpp">
      <Filter>Header Files</Filter>
    </ClInclude>
    <ClInclude Include="include\TimedDestruction.hpp">
      <Filter>Header Files</Filter>
    </ClInclude>
    <ClInclude Include="include\RacingDemoState.hpp">
      <Filter>Header Files</Filter>
    </ClInclude>
    <ClInclude Include="include\RacingDemoTrack.hpp">
      <Filter>Header Files</Filter>
    </ClInclude>
    <ClInclude Include="include\RacingDemoPlayer.hpp">
      <Filter>Header Files</Filter>
    </ClInclude>
    <ClInclude Include="include\CommandIds.hpp">
      <Filter>Header Files</Filter>
    </ClInclude>
    <ClInclude Include="include\PhysicsDemoInputController.hpp">
      <Filter>Header Files</Filter>
    </ClInclude>
    <ClInclude Include="include\PhysicsDemoLine.hpp">
      <Filter>Header Files</Filter>
    </ClInclude>
    <ClInclude Include="include\CaveDemoDrawable.hpp">
      <Filter>Header Files</Filter>
    </ClInclude>
    <ClInclude Include="include\NetworkDemoState.hpp">
      <Filter>Header Files</Filter>
    </ClInclude>
    <ClInclude Include="include\NetworkDemoServer.hpp">
      <Filter>Header Files</Filter>
    </ClInclude>
    <ClInclude Include="include\NetworkDemoBallLogic.hpp">
      <Filter>Header Files</Filter>
    </ClInclude>
    <ClInclude Include="include\NetworkDemoPacketIDs.hpp">
      <Filter>Header Files</Filter>
    </ClInclude>
  </ItemGroup>
  <ItemGroup>
    <ClCompile Include="src\Game.cpp">
      <Filter>Source Files</Filter>
    </ClCompile>
    <ClCompile Include="src\main.cpp">
      <Filter>Source Files</Filter>
    </ClCompile>
    <ClCompile Include="src\MenuMainState.cpp">
      <Filter>Source Files</Filter>
    </ClCompile>
    <ClCompile Include="src\MenuOptionState.cpp">
      <Filter>Source Files</Filter>
    </ClCompile>
    <ClCompile Include="src\ParticleDemoState.cpp">
      <Filter>Source Files</Filter>
    </ClCompile>
    <ClCompile Include="src\PhysicsDemoState.cpp">
      <Filter>Source Files</Filter>
    </ClCompile>
    <ClCompile Include="src\RacingDemoState.cpp">
      <Filter>Source Files</Filter>
    </ClCompile>
    <ClCompile Include="src\RacingDemoTrack.cpp">
      <Filter>Source Files\racing demo</Filter>
    </ClCompile>
    <ClCompile Include="src\RacingDemoPlayer.cpp">
      <Filter>Source Files\racing demo</Filter>
    </ClCompile>
    <ClCompile Include="src\PhysicsDemoInputController.cpp">
      <Filter>Source Files\physics demo</Filter>
    </ClCompile>
    <ClCompile Include="src\PhysicsDemoLine.cpp">
      <Filter>Source Files\physics demo</Filter>
    </ClCompile>
    <ClCompile Include="src\CaveDemoDrawable.cpp">
      <Filter>Source Files\cave demo</Filter>
    </ClCompile>
    <ClCompile Include="src\NetworkDemoState.cpp">
      <Filter>Source Files</Filter>
    </ClCompile>
    <ClCompile Include="src\NetworkDemoServer.cpp">
      <Filter>Source Files\network demo</Filter>
    </ClCompile>
    <ClCompile Include="src\NetworkDemoBallLogic.cpp">
      <Filter>Source Files\network demo</Filter>
    </ClCompile>
  </ItemGroup>
</Project>