
Microsoft Visual Studio Solution File, Format Version 12.00
# Visual Studio Version 16
VisualStudioVersion = 16.0.29009.5
MinimumVisualStudioVersion = 10.0.40219.1
Project("{8BC9CEB8-8B4A-11D0-8D11-00A0C91BC942}") = "xyginext", "xyginext\xyginext.vcxproj", "{33E0B54E-2EFA-4060-8E87-B854753C326D}"
EndProject
Project("{8BC9CEB8-8B4A-11D0-8D11-00A0C91BC942}") = "Demo", "Demo\Demo.vcxproj", "{A27B06A1-8A42-4F1E-BBAA-6A9DF8FA3484}"
	ProjectSection(ProjectDependencies) = postProject
		{33E0B54E-2EFA-4060-8E87-B854753C326D} = {33E0B54E-2EFA-4060-8E87-B854753C326D}
	EndProjectSection
EndProject
Project("{8BC9CEB8-8B4A-11D0-8D11-00A0C91BC942}") = "ResourceEditor", "SimpleParticleEditor\SimpleParticleEditor.vcxproj", "{D093CFB8-53EA-492F-9052-B4F6C8E19775}"
	ProjectSection(ProjectDependencies) = postProject
		{33E0B54E-2EFA-4060-8E87-B854753C326D} = {33E0B54E-2EFA-4060-8E87-B854753C326D}
	EndProjectSection
EndProject
Project("{2150E333-8FDC-42A3-9474-1A3956D46DE8}") = "Tutorial", "Tutorial", "{C17AE537-6353-45C5-8F04-75A6085FA200}"
	ProjectSection(SolutionItems) = preProject
		tutorial\part_1\readme.md = tutorial\part_1\readme.md
		tutorial\part_2\readme.md = tutorial\part_2\readme.md
		tutorial\part_3\readme.md = tutorial\part_3\readme.md
		tutorial\part_4\readme.md = tutorial\part_4\readme.md
		tutorial\part_5\readme.md = tutorial\part_5\readme.md
		tutorial\part_6\readme.md = tutorial\part_6\readme.md
	EndProjectSection
EndProject
Project("{8BC9CEB8-8B4A-11D0-8D11-00A0C91BC942}") = "ShaderEditor", "ShaderEditor\ShaderEditor.vcxproj", "{336EA016-1C5A-4E93-B8A5-19AAE15B6F22}"
EndProject
Project("{8BC9CEB8-8B4A-11D0-8D11-00A0C91BC942}") = "Template", "cmake_template\Template.vcxproj", "{79709FA1-E663-4DF3-98A5-7496EA8E479D}"
	ProjectSection(ProjectDependencies) = postProject
		{33E0B54E-2EFA-4060-8E87-B854753C326D} = {33E0B54E-2EFA-4060-8E87-B854753C326D}
	EndProjectSection
EndProject
Global
	GlobalSection(SolutionConfigurationPlatforms) = preSolution
		Debug|x64 = Debug|x64
		Debug|x86 = Debug|x86
		DebugAsan|x64 = DebugAsan|x64
		DebugAsan|x86 = DebugAsan|x86
		Release|x64 = Release|x64
		Release|x86 = Release|x86
		ReleaseWithDebug|x64 = ReleaseWithDebug|x64
		ReleaseWithDebug|x86 = ReleaseWithDebug|x86
	EndGlobalSection
	GlobalSection(ProjectConfigurationPlatforms) = postSolution
		{33E0B54E-2EFA-4060-8E87-B854753C326D}.Debug|x64.ActiveCfg = Debug|x64
		{33E0B54E-2EFA-4060-8E87-B854753C326D}.Debug|x64.Build.0 = Debug|x64
		{33E0B54E-2EFA-4060-8E87-B854753C326D}.Debug|x86.ActiveCfg = Debug|Win32
		{33E0B54E-2EFA-4060-8E87-B854753C326D}.Debug|x86.Build.0 = Debug|Win32
		{33E0B54E-2EFA-4060-8E87-B854753C326D}.DebugAsan|x64.ActiveCfg = DebugAsan|x64
		{33E0B54E-2EFA-4060-8E87-B854753C326D}.DebugAsan|x64.Build.0 = DebugAsan|x64
		{33E0B54E-2EFA-4060-8E87-B854753C326D}.DebugAsan|x86.ActiveCfg = DebugAsan|Win32
		{33E0B54E-2EFA-4060-8E87-B854753C326D}.DebugAsan|x86.Build.0 = DebugAsan|Win32
		{33E0B54E-2EFA-4060-8E87-B854753C326D}.Release|x64.ActiveCfg = Release|x64
		{33E0B54E-2EFA-4060-8E87-B854753C326D}.Release|x64.Build.0 = Release|x64
		{33E0B54E-2EFA-4060-8E87-B854753C326D}.Release|x86.ActiveCfg = Release|Win32
		{33E0B54E-2EFA-4060-8E87-B854753C326D}.Release|x86.Build.0 = Release|Win32
		{33E0B54E-2EFA-4060-8E87-B854753C326D}.ReleaseWithDebug|x64.ActiveCfg = Release|x64
		{33E0B54E-2EFA-4060-8E87-B854753C326D}.ReleaseWithDebug|x64.Build.0 = Release|x64
		{33E0B54E-2EFA-4060-8E87-B854753C326D}.ReleaseWithDebug|x86.ActiveCfg = Release|Win32
		{33E0B54E-2EFA-4060-8E87-B854753C326D}.ReleaseWithDebug|x86.Build.0 = Release|Win32
		{A27B06A1-8A42-4F1E-BBAA-6A9DF8FA3484}.Debug|x64.ActiveCfg = Debug|x64
		{A27B06A1-8A42-4F1E-BBAA-6A9DF8FA3484}.Debug|x86.ActiveCfg = Debug|Win32
		{A27B06A1-8A42-4F1E-BBAA-6A9DF8FA3484}.Debug|x86.Build.0 = Debug|Win32
		{A27B06A1-8A42-4F1E-BBAA-6A9DF8FA3484}.DebugAsan|x64.ActiveCfg = DebugAsan|x64
		{A27B06A1-8A42-4F1E-BBAA-6A9DF8FA3484}.DebugAsan|x86.ActiveCfg = DebugAsan|Win32
		{A27B06A1-8A42-4F1E-BBAA-6A9DF8FA3484}.DebugAsan|x86.Build.0 = DebugAsan|Win32
		{A27B06A1-8A42-4F1E-BBAA-6A9DF8FA3484}.Release|x64.ActiveCfg = Release|x64
		{A27B06A1-8A42-4F1E-BBAA-6A9DF8FA3484}.Release|x64.Build.0 = Release|x64
		{A27B06A1-8A42-4F1E-BBAA-6A9DF8FA3484}.Release|x86.ActiveCfg = Release|Win32
		{A27B06A1-8A42-4F1E-BBAA-6A9DF8FA3484}.Release|x86.Build.0 = Release|Win32
		{A27B06A1-8A42-4F1E-BBAA-6A9DF8FA3484}.ReleaseWithDebug|x64.ActiveCfg = Release|x64
		{A27B06A1-8A42-4F1E-BBAA-6A9DF8FA3484}.ReleaseWithDebug|x64.Build.0 = Release|x64
		{A27B06A1-8A42-4F1E-BBAA-6A9DF8FA3484}.ReleaseWithDebug|x86.ActiveCfg = Release|Win32
		{A27B06A1-8A42-4F1E-BBAA-6A9DF8FA3484}.ReleaseWithDebug|x86.Build.0 = Release|Win32
		{D093CFB8-53EA-492F-9052-B4F6C8E19775}.Debug|x64.ActiveCfg = Debug|x64
		{D093CFB8-53EA-492F-9052-B4F6C8E19775}.Debug|x64.Build.0 = Debug|x64
		{D093CFB8-53EA-492F-9052-B4F6C8E19775}.Debug|x86.ActiveCfg = Debug|Win32
		{D093CFB8-53EA-492F-9052-B4F6C8E19775}.Debug|x86.Build.0 = Debug|Win32
		{D093CFB8-53EA-492F-9052-B4F6C8E19775}.DebugAsan|x64.ActiveCfg = DebugAsan|x64
		{D093CFB8-53EA-492F-9052-B4F6C8E19775}.DebugAsan|x86.ActiveCfg = DebugAsan|Win32
		{D093CFB8-53EA-492F-9052-B4F6C8E19775}.Release|x64.ActiveCfg = Release|x64
		{D093CFB8-53EA-492F-9052-B4F6C8E19775}.Release|x86.ActiveCfg = Release|Win32
		{D093CFB8-53EA-492F-9052-B4F6C8E19775}.Release|x86.Build.0 = Release|Win32
		{D093CFB8-53EA-492F-9052-B4F6C8E19775}.ReleaseWithDebug|x64.ActiveCfg = Release|x64
		{D093CFB8-53EA-492F-9052-B4F6C8E19775}.ReleaseWithDebug|x64.Build.0 = Release|x64
		{D093CFB8-53EA-492F-9052-B4F6C8E19775}.ReleaseWithDebug|x86.ActiveCfg = Release|Win32
		{D093CFB8-53EA-492F-9052-B4F6C8E19775}.ReleaseWithDebug|x86.Build.0 = Release|Win32
		{336EA016-1C5A-4E93-B8A5-19AAE15B6F22}.Debug|x64.ActiveCfg = Debug|x64
		{336EA016-1C5A-4E93-B8A5-19AAE15B6F22}.Debug|x86.ActiveCfg = Debug|Win32
		{336EA016-1C5A-4E93-B8A5-19AAE15B6F22}.Debug|x86.Build.0 = Debug|Win32
		{336EA016-1C5A-4E93-B8A5-19AAE15B6F22}.DebugAsan|x64.ActiveCfg = DebugAsan|x64
		{336EA016-1C5A-4E93-B8A5-19AAE15B6F22}.DebugAsan|x86.ActiveCfg = DebugAsan|Win32
		{336EA016-1C5A-4E93-B8A5-19AAE15B6F22}.Release|x64.ActiveCfg = Release|x64
		{336EA016-1C5A-4E93-B8A5-19AAE15B6F22}.Release|x86.ActiveCfg = Release|Win32
		{336EA016-1C5A-4E93-B8A5-19AAE15B6F22}.Release|x86.Build.0 = Release|Win32
		{336EA016-1C5A-4E93-B8A5-19AAE15B6F22}.ReleaseWithDebug|x64.ActiveCfg = Release|x64
		{336EA016-1C5A-4E93-B8A5-19AAE15B6F22}.ReleaseWithDebug|x64.Build.0 = Release|x64
		{336EA016-1C5A-4E93-B8A5-19AAE15B6F22}.ReleaseWithDebug|x86.ActiveCfg = Release|Win32
		{336EA016-1C5A-4E93-B8A5-19AAE15B6F22}.ReleaseWithDebug|x86.Build.0 = Release|Win32
		{79709FA1-E663-4DF3-98A5-7496EA8E479D}.Debug|x64.ActiveCfg = Debug|x64
		{79709FA1-E663-4DF3-98A5-7496EA8E479D}.Debug|x86.ActiveCfg = Debug|Win32
		{79709FA1-E663-4DF3-98A5-7496EA8E479D}.Debug|x86.Build.0 = Debug|Win32
		{79709FA1-E663-4DF3-98A5-7496EA8E479D}.DebugAsan|x64.ActiveCfg = DebugAsan|x64
		{79709FA1-E663-4DF3-98A5-7496EA8E479D}.DebugAsan|x64.Build.0 = DebugAsan|x64
		{79709FA1-E663-4DF3-98A5-7496EA8E479D}.DebugAsan|x86.ActiveCfg = DebugAsan|Win32
		{79709FA1-E663-4DF3-98A5-7496EA8E479D}.Release|x64.ActiveCfg = Release|x64
		{79709FA1-E663-4DF3-98A5-7496EA8E479D}.Release|x86.ActiveCfg = Release|Win32
		{79709FA1-E663-4DF3-98A5-7496EA8E479D}.Release|x86.Build.0 = Release|Win32
		{79709FA1-E663-4DF3-98A5-7496EA8E479D}.ReleaseWithDebug|x64.ActiveCfg = Release|x64
		{79709FA1-E663-4DF3-98A5-7496EA8E479D}.ReleaseWithDebug|x64.Build.0 = Release|x64
		{79709FA1-E663-4DF3-98A5-7496EA8E479D}.ReleaseWithDebug|x86.ActiveCfg = Release|Win32
		{79709FA1-E663-4DF3-98A5-7496EA8E479D}.ReleaseWithDebug|x86.Build.0 = Release|Win32
	EndGlobalSection
	GlobalSection(SolutionProperties) = preSolution
		HideSolutionNode = FALSE
	EndGlobalSection
	GlobalSection(ExtensibilityGlobals) = postSolution
		SolutionGuid = {DA4EA5EB-C21C-4E8A-84BB-75965D7DA9E1}
	EndGlobalSection
EndGlobal
