<?xml version="1.0" encoding="utf-8"?>
<Project ToolsVersion="4.0" xmlns="http://schemas.microsoft.com/developer/msbuild/2003">
  <ItemGroup>
    <Filter Include="Source Files">
      <UniqueIdentifier>{4FC737F1-C7A5-4376-A066-2A32D752A2FF}</UniqueIdentifier>
      <Extensions>cpp;c;cc;cxx;def;odl;idl;hpj;bat;asm;asmx</Extensions>
    </Filter>
    <Filter Include="Header Files">
      <UniqueIdentifier>{93995380-89BD-4b04-88EB-625FBE52EBFB}</UniqueIdentifier>
      <Extensions>h;hh;hpp;hxx;hm;inl;inc;xsd</Extensions>
    </Filter>
    <Filter Include="Resource Files">
      <UniqueIdentifier>{67DA6AB6-F800-4c08-8B7A-83BB121AAD01}</UniqueIdentifier>
      <Extensions>rc;ico;cur;bmp;dlg;rc2;rct;bin;rgs;gif;jpg;jpeg;jpe;resx;tiff;tif;png;wav;mfcribbon-ms</Extensions>
    </Filter>
    <Filter Include="Header Files\ui">
      <UniqueIdentifier>{6504bea1-1585-4658-9e33-71e7328f11e1}</UniqueIdentifier>
    </Filter>
    <Filter Include="Source Files\particles">
      <UniqueIdentifier>{de479968-03bd-4732-8069-8d6609ea57b7}</UniqueIdentifier>
    </Filter>
    <Filter Include="Source Files\ui">
      <UniqueIdentifier>{447e467a-7981-433c-8ecd-66e3461b0c6d}</UniqueIdentifier>
    </Filter>
    <Filter Include="Source Files\physics">
      <UniqueIdentifier>{b95dd385-02fa-4f54-90b4-e72695a89bec}</UniqueIdentifier>
    </Filter>
    <Filter Include="Header Files\physics">
      <UniqueIdentifier>{dec7a79f-802c-4b0c-8999-ba187c12e005}</UniqueIdentifier>
    </Filter>
    <Filter Include="Header Files\components">
      <UniqueIdentifier>{5731e970-7a90-46ff-8d69-c44440769f97}</UniqueIdentifier>
    </Filter>
    <Filter Include="Source Files\components">
      <UniqueIdentifier>{74c0f4b0-69e9-4268-8a79-b1ca6afd3c60}</UniqueIdentifier>
    </Filter>
    <Filter Include="Header Files\detail">
      <UniqueIdentifier>{ac58e192-060f-48da-9404-03922fec33cb}</UniqueIdentifier>
    </Filter>
    <Filter Include="Header Files\shaders">
      <UniqueIdentifier>{77afb207-f723-46b3-9b2e-9d9c24f1bca6}</UniqueIdentifier>
    </Filter>
    <Filter Include="Header Files\util">
      <UniqueIdentifier>{7c9a36a4-0fb5-4184-b768-baee7fdd470d}</UniqueIdentifier>
    </Filter>
    <Filter Include="Header Files\parsers">
      <UniqueIdentifier>{98d2e353-e3dd-4f84-8cd1-60ed31b33dba}</UniqueIdentifier>
    </Filter>
    <Filter Include="Header Files\spriter">
      <UniqueIdentifier>{f3f3ed94-4ee8-4853-8843-f05f9f42b0a7}</UniqueIdentifier>
    </Filter>
    <Filter Include="Source Files\parsers">
      <UniqueIdentifier>{43c96375-3db5-4ad1-9f29-c251827dc62c}</UniqueIdentifier>
    </Filter>
    <Filter Include="Source Files\spriter">
      <UniqueIdentifier>{074fd524-c923-4ac7-a7c1-cf7769c7f1d4}</UniqueIdentifier>
    </Filter>
    <Filter Include="Header Files\network">
      <UniqueIdentifier>{675ebe06-6d25-40c4-a851-5eb969f3399f}</UniqueIdentifier>
    </Filter>
    <Filter Include="Source Files\network">
      <UniqueIdentifier>{f5f366dd-cc64-4855-be7c-47c2be5092a6}</UniqueIdentifier>
    </Filter>
    <Filter Include="Header Files\mesh">
      <UniqueIdentifier>{f93fe71d-c14a-454f-9313-aa1494a932f6}</UniqueIdentifier>
    </Filter>
    <Filter Include="Source Files\mesh">
      <UniqueIdentifier>{b81ba0fe-7d35-4552-9aeb-543f65a3a8e2}</UniqueIdentifier>
    </Filter>
    <Filter Include="Header Files\mesh\shaders">
      <UniqueIdentifier>{0c663f08-4b4e-4abf-a172-274fb1780768}</UniqueIdentifier>
    </Filter>
    <Filter Include="Source Files\imgui">
      <UniqueIdentifier>{7e671232-4ad5-4506-94c4-5e736d732930}</UniqueIdentifier>
    </Filter>
    <Filter Include="Header Files\imgui">
      <UniqueIdentifier>{c28d4e43-c780-4626-aeed-89762862b05c}</UniqueIdentifier>
    </Filter>
    <Filter Include="Header Files\tilemap">
      <UniqueIdentifier>{fbf71865-3aad-4c66-9f95-9a5e08e8070d}</UniqueIdentifier>
    </Filter>
    <Filter Include="Source Files\tilemap">
      <UniqueIdentifier>{fa1d85ee-4f6a-4d40-9436-72894538a160}</UniqueIdentifier>
    </Filter>
  </ItemGroup>
  <ItemGroup>
    <ClCompile Include="src\App.cpp">
      <Filter>Source Files</Filter>
    </ClCompile>
    <ClCompile Include="src\CommandQueue.cpp">
      <Filter>Source Files</Filter>
    </ClCompile>
    <ClCompile Include="src\Entity.cpp">
      <Filter>Source Files</Filter>
    </ClCompile>
    <ClCompile Include="src\FileSystem.cpp">
      <Filter>Source Files</Filter>
    </ClCompile>
    <ClCompile Include="src\FontResource.cpp">
      <Filter>Source Files</Filter>
    </ClCompile>
    <ClCompile Include="src\MessageBus.cpp">
      <Filter>Source Files</Filter>
    </ClCompile>
    <ClCompile Include="src\Music.cpp">
      <Filter>Source Files</Filter>
    </ClCompile>
    <ClCompile Include="src\PostBloom.cpp">
      <Filter>Source Files</Filter>
    </ClCompile>
    <ClCompile Include="src\PostChromeAb.cpp">
      <Filter>Source Files</Filter>
    </ClCompile>
    <ClCompile Include="src\PostProcess.cpp">
      <Filter>Source Files</Filter>
    </ClCompile>
    <ClCompile Include="src\QuadTree.cpp">
      <Filter>Source Files</Filter>
    </ClCompile>
    <ClCompile Include="src\QuadTreeNode.cpp">
      <Filter>Source Files</Filter>
    </ClCompile>
    <ClCompile Include="src\Reports.cpp">
      <Filter>Source Files</Filter>
    </ClCompile>
    <ClCompile Include="src\Scene.cpp">
      <Filter>Source Files</Filter>
    </ClCompile>
    <ClCompile Include="src\Score.cpp">
      <Filter>Source Files</Filter>
    </ClCompile>
    <ClCompile Include="src\ShaderResource.cpp">
      <Filter>Source Files</Filter>
    </ClCompile>
    <ClCompile Include="src\State.cpp">
      <Filter>Source Files</Filter>
    </ClCompile>
    <ClCompile Include="src\StateStack.cpp">
      <Filter>Source Files</Filter>
    </ClCompile>
    <ClCompile Include="src\ParticleAffectors.cpp">
      <Filter>Source Files\particles</Filter>
    </ClCompile>
    <ClCompile Include="src\PolyBatch.cpp">
      <Filter>Source Files</Filter>
    </ClCompile>
    <ClCompile Include="src\parsers\pugixml.cpp">
      <Filter>Source Files\parsers</Filter>
    </ClCompile>
    <ClCompile Include="src\physics\PhysicsAffectorAreaForce.cpp">
      <Filter>Source Files\physics</Filter>
    </ClCompile>
    <ClCompile Include="src\physics\PhysicsAffectorConstantForce.cpp">
      <Filter>Source Files\physics</Filter>
    </ClCompile>
    <ClCompile Include="src\physics\PhysicsAffectorPointForce.cpp">
      <Filter>Source Files\physics</Filter>
    </ClCompile>
    <ClCompile Include="src\physics\PhysicsCollisionCircleShape.cpp">
      <Filter>Source Files\physics</Filter>
    </ClCompile>
    <ClCompile Include="src\physics\PhysicsCollisionEdgeShape.cpp">
      <Filter>Source Files\physics</Filter>
    </ClCompile>
    <ClCompile Include="src\physics\PhysicsCollisionPolygonShape.cpp">
      <Filter>Source Files\physics</Filter>
    </ClCompile>
    <ClCompile Include="src\physics\PhysicsCollisionRectangleShape.cpp">
      <Filter>Source Files\physics</Filter>
    </ClCompile>
    <ClCompile Include="src\physics\PhysicsCollisionShape.cpp">
      <Filter>Source Files\physics</Filter>
    </ClCompile>
    <ClCompile Include="src\physics\PhysicsContact.cpp">
      <Filter>Source Files\physics</Filter>
    </ClCompile>
    <ClCompile Include="src\physics\PhysicsDebugDrawer.cpp">
      <Filter>Source Files\physics</Filter>
    </ClCompile>
    <ClCompile Include="src\physics\PhysicsJointDistance.cpp">
      <Filter>Source Files\physics</Filter>
    </ClCompile>
    <ClCompile Include="src\physics\PhysicsJointFriction.cpp">
      <Filter>Source Files\physics</Filter>
    </ClCompile>
    <ClCompile Include="src\physics\PhysicsJointHinge.cpp">
      <Filter>Source Files\physics</Filter>
    </ClCompile>
    <ClCompile Include="src\physics\PhysicsJointMotor.cpp">
      <Filter>Source Files\physics</Filter>
    </ClCompile>
    <ClCompile Include="src\physics\PhysicsJointRope.cpp">
      <Filter>Source Files\physics</Filter>
    </ClCompile>
    <ClCompile Include="src\physics\PhysicsJointSlider.cpp">
      <Filter>Source Files\physics</Filter>
    </ClCompile>
    <ClCompile Include="src\physics\PhysicsJointWeld.cpp">
      <Filter>Source Files\physics</Filter>
    </ClCompile>
    <ClCompile Include="src\physics\PhysicsJointWheel.cpp">
      <Filter>Source Files\physics</Filter>
    </ClCompile>
    <ClCompile Include="src\physics\PhysicsRigidBody.cpp">
      <Filter>Source Files\physics</Filter>
    </ClCompile>
    <ClCompile Include="src\physics\PhysicsWorld.cpp">
      <Filter>Source Files\physics</Filter>
    </ClCompile>
    <ClCompile Include="src\ui\UIButton.cpp">
      <Filter>Source Files\ui</Filter>
    </ClCompile>
    <ClCompile Include="src\ui\UICheckBox.cpp">
      <Filter>Source Files\ui</Filter>
    </ClCompile>
    <ClCompile Include="src\ui\UIComboBox.cpp">
      <Filter>Source Files\ui</Filter>
    </ClCompile>
    <ClCompile Include="src\ui\UIContainer.cpp">
      <Filter>Source Files\ui</Filter>
    </ClCompile>
    <ClCompile Include="src\ui\UIControl.cpp">
      <Filter>Source Files\ui</Filter>
    </ClCompile>
    <ClCompile Include="src\ui\UILabel.cpp">
      <Filter>Source Files\ui</Filter>
    </ClCompile>
    <ClCompile Include="src\ui\UIScoreList.cpp">
      <Filter>Source Files\ui</Filter>
    </ClCompile>
    <ClCompile Include="src\ui\UISelection.cpp">
      <Filter>Source Files\ui</Filter>
    </ClCompile>
    <ClCompile Include="src\ui\UISlider.cpp">
      <Filter>Source Files\ui</Filter>
    </ClCompile>
    <ClCompile Include="src\ui\UITextBox.cpp">
      <Filter>Source Files\ui</Filter>
    </ClCompile>
    <ClCompile Include="src\ui\UIWindow.cpp">
      <Filter>Source Files\ui</Filter>
    </ClCompile>
    <ClCompile Include="src\components\ComponentParticleController.cpp">
      <Filter>Source Files\particles</Filter>
    </ClCompile>
    <ClCompile Include="src\components\ComponentParticleSystem.cpp">
      <Filter>Source Files\particles</Filter>
    </ClCompile>
    <ClCompile Include="src\components\Component.cpp">
      <Filter>Source Files\components</Filter>
    </ClCompile>
    <ClCompile Include="src\components\ComponentAnimatedDrawable.cpp">
      <Filter>Source Files\components</Filter>
    </ClCompile>
    <ClCompile Include="src\components\ComponentAnimationController.cpp">
      <Filter>Source Files\components</Filter>
    </ClCompile>
    <ClCompile Include="src\components\ComponentAudioListener.cpp">
      <Filter>Source Files\components</Filter>
    </ClCompile>
    <ClCompile Include="src\components\ComponentAudioSource.cpp">
      <Filter>Source Files\components</Filter>
    </ClCompile>
    <ClCompile Include="src\components\ComponentCamera.cpp">
      <Filter>Source Files\components</Filter>
    </ClCompile>
    <ClCompile Include="src\components\ComponentPointLight.cpp">
      <Filter>Source Files\components</Filter>
    </ClCompile>
    <ClCompile Include="src\components\QuadTreeComponent.cpp">
      <Filter>Source Files\components</Filter>
    </ClCompile>
    <ClCompile Include="src\spriter\SpriterDocument.cpp">
      <Filter>Source Files\spriter</Filter>
    </ClCompile>
    <ClCompile Include="src\spriter\SpriterDocumentElement.cpp">
      <Filter>Source Files\spriter</Filter>
    </ClCompile>
    <ClCompile Include="src\spriter\SpriterDocumentAttribute.cpp">
      <Filter>Source Files\spriter</Filter>
    </ClCompile>
    <ClCompile Include="src\spriter\SpriterModel.cpp">
      <Filter>Source Files\spriter</Filter>
    </ClCompile>
    <ClCompile Include="src\spriter\SpriterHelpers.cpp">
      <Filter>Source Files\spriter</Filter>
    </ClCompile>
    <ClCompile Include="src\network\AckSystem.cpp">
      <Filter>Source Files\network</Filter>
    </ClCompile>
    <ClCompile Include="src\network\ClientConnection.cpp">
      <Filter>Source Files\network</Filter>
    </ClCompile>
    <ClCompile Include="src\network\FlowControl.cpp">
      <Filter>Source Files\network</Filter>
    </ClCompile>
    <ClCompile Include="src\network\PacketQueue.cpp">
      <Filter>Source Files\network</Filter>
    </ClCompile>
    <ClCompile Include="src\network\ServerConnection.cpp">
      <Filter>Source Files\network</Filter>
    </ClCompile>
    <ClCompile Include="src\MultiRenderTexture.cpp">
      <Filter>Source Files</Filter>
    </ClCompile>
    <ClCompile Include="src\GLExtensions.cpp">
      <Filter>Source Files</Filter>
    </ClCompile>
    <ClCompile Include="src\PostBlur.cpp">
      <Filter>Source Files</Filter>
    </ClCompile>
    <ClCompile Include="src\mesh\VertexLayout.cpp">
      <Filter>Source Files\mesh</Filter>
    </ClCompile>
    <ClCompile Include="src\mesh\SubMesh.cpp">
      <Filter>Source Files\mesh</Filter>
    </ClCompile>
    <ClCompile Include="src\mesh\Mesh.cpp">
      <Filter>Source Files\mesh</Filter>
    </ClCompile>
    <ClCompile Include="src\mesh\MeshRenderer.cpp">
      <Filter>Source Files\mesh</Filter>
    </ClCompile>
    <ClCompile Include="src\components\ComponentModel.cpp">
      <Filter>Source Files\components</Filter>
    </ClCompile>
    <ClCompile Include="src\mesh\UniformBuffer.cpp">
      <Filter>Source Files\mesh</Filter>
    </ClCompile>
    <ClCompile Include="src\mesh\MaterialProperty.cpp">
      <Filter>Source Files\mesh</Filter>
    </ClCompile>
    <ClCompile Include="src\mesh\Material.cpp">
      <Filter>Source Files\mesh</Filter>
    </ClCompile>
    <ClCompile Include="src\mesh\VertexAttribBinding.cpp">
      <Filter>Source Files\mesh</Filter>
    </ClCompile>
    <ClCompile Include="src\mesh\MaterialResource.cpp">
      <Filter>Source Files\mesh</Filter>
    </ClCompile>
    <ClCompile Include="src\mesh\MeshResource.cpp">
      <Filter>Source Files\mesh</Filter>
    </ClCompile>
    <ClCompile Include="src\mesh\CubeBuilder.cpp">
      <Filter>Source Files\mesh</Filter>
    </ClCompile>
    <ClCompile Include="src\mesh\RenderQuad.cpp">
      <Filter>Source Files\mesh</Filter>
    </ClCompile>
    <ClCompile Include="src\mesh\IQMBuilder.cpp">
      <Filter>Source Files\mesh</Filter>
    </ClCompile>
    <ClCompile Include="src\mesh\BoundingBox.cpp">
      <Filter>Source Files\mesh</Filter>
    </ClCompile>
    <ClCompile Include="src\mesh\SkeletonAnimation.cpp">
      <Filter>Source Files\mesh</Filter>
    </ClCompile>
    <ClCompile Include="src\mesh\Skeleton.cpp">
      <Filter>Source Files\mesh</Filter>
    </ClCompile>
    <ClCompile Include="src\mesh\RenderPass.cpp">
      <Filter>Source Files\mesh</Filter>
    </ClCompile>
    <ClCompile Include="src\imgui\imgui.cpp">
      <Filter>Source Files\imgui</Filter>
    </ClCompile>
    <ClCompile Include="src\imgui\imgui_demo.cpp">
      <Filter>Source Files\imgui</Filter>
    </ClCompile>
    <ClCompile Include="src\imgui\imgui_draw.cpp">
      <Filter>Source Files\imgui</Filter>
    </ClCompile>
    <ClCompile Include="src\imgui\imgui_sfml.cpp">
      <Filter>Source Files\imgui</Filter>
    </ClCompile>
    <ClCompile Include="src\Console.cpp">
      <Filter>Source Files</Filter>
    </ClCompile>
    <ClCompile Include="src\mesh\DepthRenderTexture.cpp">
      <Filter>Source Files\mesh</Filter>
    </ClCompile>
    <ClCompile Include="src\components\ComponentSoundPlayer.cpp">
      <Filter>Source Files\components</Filter>
    </ClCompile>
    <ClCompile Include="src\components\ComponentSpriteBatch.cpp">
      <Filter>Source Files\components</Filter>
    </ClCompile>
    <ClCompile Include="src\tilemap\miniz.c">
      <Filter>Source Files\tilemap</Filter>
    </ClCompile>
    <ClCompile Include="src\tilemap\Map.cpp">
      <Filter>Source Files\tilemap</Filter>
    </ClCompile>
    <ClCompile Include="src\tilemap\Tileset.cpp">
      <Filter>Source Files\tilemap</Filter>
    </ClCompile>
    <ClCompile Include="src\tilemap\Property.cpp">
      <Filter>Source Files\tilemap</Filter>
    </ClCompile>
    <ClCompile Include="src\tilemap\ImageLayer.cpp">
      <Filter>Source Files\tilemap</Filter>
    </ClCompile>
    <ClCompile Include="src\tilemap\FreeFuncs.cpp">
      <Filter>Source Files\tilemap</Filter>
    </ClCompile>
    <ClCompile Include="src\tilemap\TileLayer.cpp">
      <Filter>Source Files\tilemap</Filter>
    </ClCompile>
    <ClCompile Include="src\tilemap\Object.cpp">
      <Filter>Source Files\tilemap</Filter>
    </ClCompile>
    <ClCompile Include="src\tilemap\ObjectGroup.cpp">
      <Filter>Source Files\tilemap</Filter>
    </ClCompile>
    <ClCompile Include="src\components\ComponentTileMapLayer.cpp">
      <Filter>Source Files\components</Filter>
    </ClCompile>
    <ClCompile Include="src\imgui\CommonDialogues.cpp">
      <Filter>Source Files\imgui</Filter>
    </ClCompile>
    <ClCompile Include="src\components\ComponentMeshDrawable.cpp">
      <Filter>Source Files\components</Filter>
    </ClCompile>
  </ItemGroup>
  <ItemGroup>
    <ClInclude Include="include\xygine\App.hpp">
      <Filter>Header Files</Filter>
    </ClInclude>
    <ClInclude Include="include\xygine\Command.hpp">
      <Filter>Header Files</Filter>
    </ClInclude>
    <ClInclude Include="include\xygine\Entity.hpp">
      <Filter>Header Files</Filter>
    </ClInclude>
    <ClInclude Include="include\xygine\FileSystem.hpp">
      <Filter>Header Files</Filter>
    </ClInclude>
    <ClInclude Include="include\xygine\Log.hpp">
      <Filter>Header Files</Filter>
    </ClInclude>
    <ClInclude Include="include\xygine\MessageBus.hpp">
      <Filter>Header Files</Filter>
    </ClInclude>
    <ClInclude Include="include\xygine\Music.hpp">
      <Filter>Header Files</Filter>
    </ClInclude>
    <ClInclude Include="include\xygine\Particle.hpp">
      <Filter>Header Files</Filter>
    </ClInclude>
    <ClInclude Include="include\xygine\PostBloom.hpp">
      <Filter>Header Files</Filter>
    </ClInclude>
    <ClInclude Include="include\xygine\PostChromeAb.hpp">
      <Filter>Header Files</Filter>
    </ClInclude>
    <ClInclude Include="include\xygine\PostProcess.hpp">
      <Filter>Header Files</Filter>
    </ClInclude>
    <ClInclude Include="include\xygine\QuadTree.hpp">
      <Filter>Header Files</Filter>
    </ClInclude>
    <ClInclude Include="include\xygine\QuadTreeNode.hpp">
      <Filter>Header Files</Filter>
    </ClInclude>
    <ClInclude Include="include\xygine\Reports.hpp">
      <Filter>Header Files</Filter>
    </ClInclude>
    <ClInclude Include="include\xygine\Resource.hpp">
      <Filter>Header Files</Filter>
    </ClInclude>
    <ClInclude Include="include\xygine\Scene.hpp">
      <Filter>Header Files</Filter>
    </ClInclude>
    <ClInclude Include="include\xygine\Score.hpp">
      <Filter>Header Files</Filter>
    </ClInclude>
    <ClInclude Include="include\xygine\ShaderResource.hpp">
      <Filter>Header Files</Filter>
    </ClInclude>
    <ClInclude Include="include\xygine\State.hpp">
      <Filter>Header Files</Filter>
    </ClInclude>
    <ClInclude Include="include\xygine\StateStack.hpp">
      <Filter>Header Files</Filter>
    </ClInclude>
    <ClInclude Include="include\xygine\ui\Button.hpp">
      <Filter>Header Files\ui</Filter>
    </ClInclude>
    <ClInclude Include="include\xygine\ui\CheckBox.hpp">
      <Filter>Header Files\ui</Filter>
    </ClInclude>
    <ClInclude Include="include\xygine\ui\ComboBox.hpp">
      <Filter>Header Files\ui</Filter>
    </ClInclude>
    <ClInclude Include="include\xygine\ui\Container.hpp">
      <Filter>Header Files\ui</Filter>
    </ClInclude>
    <ClInclude Include="include\xygine\ui\Control.hpp">
      <Filter>Header Files\ui</Filter>
    </ClInclude>
    <ClInclude Include="include\xygine\ui\Label.hpp">
      <Filter>Header Files\ui</Filter>
    </ClInclude>
    <ClInclude Include="include\xygine\ui\ScoreList.hpp">
      <Filter>Header Files\ui</Filter>
    </ClInclude>
    <ClInclude Include="include\xygine\ui\Selection.hpp">
      <Filter>Header Files\ui</Filter>
    </ClInclude>
    <ClInclude Include="include\xygine\ui\Slider.hpp">
      <Filter>Header Files\ui</Filter>
    </ClInclude>
    <ClInclude Include="include\xygine\ui\TextBox.hpp">
      <Filter>Header Files\ui</Filter>
    </ClInclude>
    <ClInclude Include="include\xygine\ui\Window.hpp">
      <Filter>Header Files\ui</Filter>
    </ClInclude>
    <ClInclude Include="include\xygine\Difficulty.hpp">
      <Filter>Header Files</Filter>
    </ClInclude>
    <ClInclude Include="include\xygine\physics\World.hpp">
      <Filter>Header Files\physics</Filter>
    </ClInclude>
    <ClInclude Include="include\xygine\physics\RigidBody.hpp">
      <Filter>Header Files\physics</Filter>
    </ClInclude>
    <ClInclude Include="include\xygine\physics\CollisionShape.hpp">
      <Filter>Header Files\physics</Filter>
    </ClInclude>
    <ClInclude Include="include\xygine\physics\CollisionCircleShape.hpp">
      <Filter>Header Files\physics</Filter>
    </ClInclude>
    <ClInclude Include="include\xygine\physics\CollisionRectangleShape.hpp">
      <Filter>Header Files\physics</Filter>
    </ClInclude>
    <ClInclude Include="include\xygine\physics\CollisionPolygonShape.hpp">
      <Filter>Header Files\physics</Filter>
    </ClInclude>
    <ClInclude Include="include\xygine\physics\CollisionEdgeShape.hpp">
      <Filter>Header Files\physics</Filter>
    </ClInclude>
    <ClInclude Include="include\xygine\physics\DebugDrawer.hpp">
      <Filter>Header Files\physics</Filter>
    </ClInclude>
    <ClInclude Include="include\xygine\physics\Joint.hpp">
      <Filter>Header Files\physics</Filter>
    </ClInclude>
    <ClInclude Include="include\xygine\physics\JointDistance.hpp">
      <Filter>Header Files\physics</Filter>
    </ClInclude>
    <ClInclude Include="include\xygine\physics\JointFriction.hpp">
      <Filter>Header Files\physics</Filter>
    </ClInclude>
    <ClInclude Include="include\xygine\physics\JointHinge.hpp">
      <Filter>Header Files\physics</Filter>
    </ClInclude>
    <ClInclude Include="include\xygine\physics\JointSlider.hpp">
      <Filter>Header Files\physics</Filter>
    </ClInclude>
    <ClInclude Include="include\xygine\physics\JointWheel.hpp">
      <Filter>Header Files\physics</Filter>
    </ClInclude>
    <ClInclude Include="include\xygine\physics\JointRope.hpp">
      <Filter>Header Files\physics</Filter>
    </ClInclude>
    <ClInclude Include="include\xygine\physics\JointWeld.hpp">
      <Filter>Header Files\physics</Filter>
    </ClInclude>
    <ClInclude Include="include\xygine\physics\JointMotor.hpp">
      <Filter>Header Files\physics</Filter>
    </ClInclude>
    <ClInclude Include="include\xygine\physics\Contact.hpp">
      <Filter>Header Files\physics</Filter>
    </ClInclude>
    <ClInclude Include="include\xygine\ShaderProperty.hpp">
      <Filter>Header Files</Filter>
    </ClInclude>
    <ClInclude Include="include\xygine\physics\Affector.hpp">
      <Filter>Header Files\physics</Filter>
    </ClInclude>
    <ClInclude Include="include\xygine\physics\AffectorConstantForce.hpp">
      <Filter>Header Files\physics</Filter>
    </ClInclude>
    <ClInclude Include="include\xygine\physics\AffectorAreaForce.hpp">
      <Filter>Header Files\physics</Filter>
    </ClInclude>
    <ClInclude Include="include\xygine\physics\CollisionFilter.hpp">
      <Filter>Header Files\physics</Filter>
    </ClInclude>
    <ClInclude Include="include\xygine\physics\AffectorPointForce.hpp">
      <Filter>Header Files\physics</Filter>
    </ClInclude>
    <ClInclude Include="include\xygine\components\AnimatedDrawable.hpp">
      <Filter>Header Files\components</Filter>
    </ClInclude>
    <ClInclude Include="include\xygine\components\AnimationController.hpp">
      <Filter>Header Files\components</Filter>
    </ClInclude>
    <ClInclude Include="include\xygine\components\Camera.hpp">
      <Filter>Header Files\components</Filter>
    </ClInclude>
    <ClInclude Include="include\xygine\components\Component.hpp">
      <Filter>Header Files\components</Filter>
    </ClInclude>
    <ClInclude Include="include\xygine\components\ParticleController.hpp">
      <Filter>Header Files\components</Filter>
    </ClInclude>
    <ClInclude Include="include\xygine\components\ParticleSystem.hpp">
      <Filter>Header Files\components</Filter>
    </ClInclude>
    <ClInclude Include="include\xygine\components\QuadTreeComponent.hpp">
      <Filter>Header Files\components</Filter>
    </ClInclude>
    <ClInclude Include="include\xygine\components\SfDrawableComponent.hpp">
      <Filter>Header Files\components</Filter>
    </ClInclude>
    <ClInclude Include="include\xygine\components\AudioListener.hpp">
      <Filter>Header Files\components</Filter>
    </ClInclude>
    <ClInclude Include="include\xygine\components\AudioSource.hpp">
      <Filter>Header Files\components</Filter>
    </ClInclude>
    <ClInclude Include="include\xygine\detail\ObjectPool.hpp">
      <Filter>Header Files\detail</Filter>
    </ClInclude>
    <ClInclude Include="include\xygine\ParticleAffectors.hpp">
      <Filter>Header Files</Filter>
    </ClInclude>
    <ClInclude Include="include\xygine\PolyBatch.hpp">
      <Filter>Header Files</Filter>
    </ClInclude>
    <ClInclude Include="include\xygine\Assert.hpp">
      <Filter>Header Files\detail</Filter>
    </ClInclude>
    <ClInclude Include="include\xygine\shaders\Default.hpp">
      <Filter>Header Files\shaders</Filter>
    </ClInclude>
    <ClInclude Include="include\xygine\shaders\PostBrightness.hpp">
      <Filter>Header Files\shaders</Filter>
    </ClInclude>
    <ClInclude Include="include\xygine\shaders\Misc.hpp">
      <Filter>Header Files\shaders</Filter>
    </ClInclude>
    <ClInclude Include="include\xygine\shaders\NormalMapped.hpp">
      <Filter>Header Files\shaders</Filter>
    </ClInclude>
    <ClInclude Include="include\xygine\shaders\PostAdditiveBlend.hpp">
      <Filter>Header Files\shaders</Filter>
    </ClInclude>
    <ClInclude Include="include\xygine\shaders\PostChromeAb.hpp">
      <Filter>Header Files\shaders</Filter>
    </ClInclude>
    <ClInclude Include="include\xygine\shaders\PostDownSample.hpp">
      <Filter>Header Files\shaders</Filter>
    </ClInclude>
    <ClInclude Include="include\xygine\shaders\PostGaussianBlur.hpp">
      <Filter>Header Files\shaders</Filter>
    </ClInclude>
    <ClInclude Include="include\xygine\util\Json.hpp">
      <Filter>Header Files\util</Filter>
    </ClInclude>
    <ClInclude Include="include\xygine\util\Const.hpp">
      <Filter>Header Files\util</Filter>
    </ClInclude>
    <ClInclude Include="include\xygine\util\Wavetable.hpp">
      <Filter>Header Files\util</Filter>
    </ClInclude>
    <ClInclude Include="include\xygine\util\String.hpp">
      <Filter>Header Files\util</Filter>
    </ClInclude>
    <ClInclude Include="include\xygine\util\Vector.hpp">
      <Filter>Header Files\util</Filter>
    </ClInclude>
    <ClInclude Include="include\xygine\util\Position.hpp">
      <Filter>Header Files\util</Filter>
    </ClInclude>
    <ClInclude Include="include\xygine\util\Random.hpp">
      <Filter>Header Files\util</Filter>
    </ClInclude>
    <ClInclude Include="include\xygine\util\Math.hpp">
      <Filter>Header Files\util</Filter>
    </ClInclude>
    <ClInclude Include="include\xygine\util\Rectangle.hpp">
      <Filter>Header Files\util</Filter>
    </ClInclude>
    <ClInclude Include="include\xygine\components\PointLight.hpp">
      <Filter>Header Files\components</Filter>
    </ClInclude>
    <ClInclude Include="include\xygine\parsers\picojson.h">
      <Filter>Header Files\parsers</Filter>
    </ClInclude>
    <ClInclude Include="include\xygine\parsers\pugiconfig.hpp">
      <Filter>Header Files\parsers</Filter>
    </ClInclude>
    <ClInclude Include="include\xygine\parsers\pugixml.hpp">
      <Filter>Header Files\parsers</Filter>
    </ClInclude>
    <ClInclude Include="include\xygine\spriter\DocumentElement.hpp">
      <Filter>Header Files\spriter</Filter>
    </ClInclude>
    <ClInclude Include="include\xygine\spriter\Document.hpp">
      <Filter>Header Files\spriter</Filter>
    </ClInclude>
    <ClInclude Include="include\xygine\spriter\DocumentAttribute.hpp">
      <Filter>Header Files\spriter</Filter>
    </ClInclude>
    <ClInclude Include="include\xygine\spriter\Model.hpp">
      <Filter>Header Files\spriter</Filter>
    </ClInclude>
    <ClInclude Include="include\xygine\spriter\Helpers.hpp">
      <Filter>Header Files\spriter</Filter>
    </ClInclude>
    <ClInclude Include="include\xygine\Config.hpp">
      <Filter>Header Files</Filter>
    </ClInclude>
    <ClInclude Include="include\xygine\network\AckSystem.hpp">
      <Filter>Header Files\network</Filter>
    </ClInclude>
    <ClInclude Include="include\xygine\network\ClientConnection.hpp">
      <Filter>Header Files\network</Filter>
    </ClInclude>
    <ClInclude Include="include\xygine\network\FlowControl.hpp">
      <Filter>Header Files\network</Filter>
    </ClInclude>
    <ClInclude Include="include\xygine\network\PacketQueue.hpp">
      <Filter>Header Files\network</Filter>
    </ClInclude>
    <ClInclude Include="include\xygine\network\ServerConnection.hpp">
      <Filter>Header Files\network</Filter>
    </ClInclude>
    <ClInclude Include="include\xygine\network\Config.hpp">
      <Filter>Header Files\network</Filter>
    </ClInclude>
    <ClInclude Include="include\xygine\MultiRenderTexture.hpp">
      <Filter>Header Files</Filter>
    </ClInclude>
    <ClInclude Include="include\xygine\detail\GLCheck.hpp">
      <Filter>Header Files\detail</Filter>
    </ClInclude>
    <ClInclude Include="include\xygine\PostBlur.hpp">
      <Filter>Header Files</Filter>
    </ClInclude>
    <ClInclude Include="include\xygine\mesh\VertexLayout.hpp">
      <Filter>Header Files\mesh</Filter>
    </ClInclude>
    <ClInclude Include="include\xygine\mesh\Mesh.hpp">
      <Filter>Header Files\mesh</Filter>
    </ClInclude>
    <ClInclude Include="include\xygine\detail\GLExtensions.hpp">
      <Filter>Header Files\detail</Filter>
    </ClInclude>
    <ClInclude Include="include\xygine\mesh\SubMesh.hpp">
      <Filter>Header Files\mesh</Filter>
    </ClInclude>
    <ClInclude Include="include\xygine\mesh\MeshRenderer.hpp">
      <Filter>Header Files\mesh</Filter>
    </ClInclude>
    <ClInclude Include="include\xygine\components\Model.hpp">
      <Filter>Header Files\components</Filter>
    </ClInclude>
    <ClInclude Include="include\xygine\mesh\UniformBuffer.hpp">
      <Filter>Header Files\mesh</Filter>
    </ClInclude>
    <ClInclude Include="include\xygine\mesh\Material.hpp">
      <Filter>Header Files\mesh</Filter>
    </ClInclude>
    <ClInclude Include="include\xygine\mesh\VertexAttribBinding.hpp">
      <Filter>Header Files\mesh</Filter>
    </ClInclude>
    <ClInclude Include="include\xygine\mesh\StaticConsts.hpp">
      <Filter>Header Files\mesh</Filter>
    </ClInclude>
    <ClInclude Include="include\xygine\mesh\MeshResource.hpp">
      <Filter>Header Files\mesh</Filter>
    </ClInclude>
    <ClInclude Include="include\xygine\mesh\MaterialResource.hpp">
      <Filter>Header Files\mesh</Filter>
    </ClInclude>
    <ClInclude Include="include\xygine\mesh\CubeBuilder.hpp">
      <Filter>Header Files\mesh</Filter>
    </ClInclude>
    <ClInclude Include="include\xygine\mesh\shaders\Default.hpp">
      <Filter>Header Files\mesh\shaders</Filter>
    </ClInclude>
    <ClInclude Include="include\xygine\mesh\shaders\SSAO.hpp">
      <Filter>Header Files\mesh\shaders</Filter>
    </ClInclude>
    <ClInclude Include="include\xygine\mesh\RenderQuad.hpp">
      <Filter>Header Files\mesh</Filter>
    </ClInclude>
    <ClInclude Include="include\xygine\mesh\shaders\GeomVis.hpp">
      <Filter>Header Files\mesh\shaders</Filter>
    </ClInclude>
    <ClInclude Include="include\xygine\mesh\shaders\DeferredRenderer.hpp">
      <Filter>Header Files\mesh\shaders</Filter>
    </ClInclude>
    <ClInclude Include="include\xygine\mesh\shaders\DeferredLighting.hpp">
      <Filter>Header Files\mesh\shaders</Filter>
    </ClInclude>
    <ClInclude Include="include\xygine\mesh\shaders\LightBlur.hpp">
      <Filter>Header Files\mesh\shaders</Filter>
    </ClInclude>
    <ClInclude Include="include\xygine\mesh\IQMBuilder.hpp">
      <Filter>Header Files\mesh</Filter>
    </ClInclude>
    <ClInclude Include="include\xygine\mesh\QuadBuilder.hpp">
      <Filter>Header Files\mesh</Filter>
    </ClInclude>
    <ClInclude Include="include\xygine\mesh\BoundingBox.hpp">
      <Filter>Header Files\mesh</Filter>
    </ClInclude>
    <ClInclude Include="include\xygine\mesh\ModelBuilder.hpp">
      <Filter>Header Files\mesh</Filter>
    </ClInclude>
    <ClInclude Include="include\xygine\mesh\Skeleton.hpp">
      <Filter>Header Files\mesh</Filter>
    </ClInclude>
    <ClInclude Include="include\xygine\mesh\RenderPass.hpp">
      <Filter>Header Files\mesh</Filter>
    </ClInclude>
    <ClInclude Include="include\xygine\mesh\MaterialProperty.hpp">
      <Filter>Header Files\mesh</Filter>
    </ClInclude>
    <ClInclude Include="include\xygine\imgui\imconfig.h">
      <Filter>Header Files\imgui</Filter>
    </ClInclude>
    <ClInclude Include="include\xygine\imgui\imgui.h">
      <Filter>Header Files\imgui</Filter>
    </ClInclude>
    <ClInclude Include="include\xygine\imgui\imgui_internal.h">
      <Filter>Header Files\imgui</Filter>
    </ClInclude>
    <ClInclude Include="include\xygine\imgui\stb_rect_pack.h">
      <Filter>Header Files\imgui</Filter>
    </ClInclude>
    <ClInclude Include="include\xygine\imgui\stb_textedit.h">
      <Filter>Header Files\imgui</Filter>
    </ClInclude>
    <ClInclude Include="include\xygine\imgui\stb_truetype.h">
      <Filter>Header Files\imgui</Filter>
    </ClInclude>
    <ClInclude Include="include\xygine\imgui\imgui_sfml.h">
      <Filter>Header Files\imgui</Filter>
    </ClInclude>
    <ClInclude Include="include\xygine\Console.hpp">
      <Filter>Header Files</Filter>
    </ClInclude>
    <ClInclude Include="include\xygine\mesh\DepthRenderTexture.hpp">
      <Filter>Header Files\mesh</Filter>
    </ClInclude>
    <ClInclude Include="include\xygine\components\SoundPlayer.hpp">
      <Filter>Header Files\components</Filter>
    </ClInclude>
    <ClInclude Include="include\xygine\components\SpriteBatch.hpp">
      <Filter>Header Files\components</Filter>
    </ClInclude>
    <ClInclude Include="include\xygine\tilemap\Map.hpp">
      <Filter>Header Files\tilemap</Filter>
    </ClInclude>
    <ClInclude Include="include\xygine\tilemap\Tileset.hpp">
      <Filter>Header Files\tilemap</Filter>
    </ClInclude>
    <ClInclude Include="include\xygine\tilemap\Layer.hpp">
      <Filter>Header Files\tilemap</Filter>
    </ClInclude>
    <ClInclude Include="include\xygine\tilemap\ObjectGroup.hpp">
      <Filter>Header Files\tilemap</Filter>
    </ClInclude>
    <ClInclude Include="include\xygine\tilemap\ImageLayer.hpp">
      <Filter>Header Files\tilemap</Filter>
    </ClInclude>
    <ClInclude Include="include\xygine\tilemap\Property.hpp">
      <Filter>Header Files\tilemap</Filter>
    </ClInclude>
    <ClInclude Include="include\xygine\tilemap\FreeFuncs.hpp">
      <Filter>Header Files\tilemap</Filter>
    </ClInclude>
    <ClInclude Include="include\xygine\tilemap\TileLayer.hpp">
      <Filter>Header Files\tilemap</Filter>
    </ClInclude>
    <ClInclude Include="include\xygine\tilemap\Object.hpp">
      <Filter>Header Files\tilemap</Filter>
    </ClInclude>
    <ClInclude Include="include\xygine\components\TileMapLayer.hpp">
      <Filter>Header Files\components</Filter>
    </ClInclude>
    <ClInclude Include="include\xygine\shaders\Tilemap.hpp">
      <Filter>Header Files\shaders</Filter>
    </ClInclude>
    <ClInclude Include="include\xygine\components\CallbackProvider.hpp">
      <Filter>Header Files\components</Filter>
    </ClInclude>
    <ClInclude Include="include\xygine\imgui\CommonDialogues.hpp">
      <Filter>Header Files\imgui</Filter>
    </ClInclude>
    <ClInclude Include="include\xygine\components\MeshDrawable.hpp">
      <Filter>Header Files\components</Filter>
    </ClInclude>
  </ItemGroup>
</Project>