<?xml version="1.0" encoding="utf-8"?>
<Project ToolsVersion="4.0" xmlns="http://schemas.microsoft.com/developer/msbuild/2003">
  <ItemGroup>
    <Filter Include="Source Files">
      <UniqueIdentifier>{4FC737F1-C7A5-4376-A066-2A32D752A2FF}</UniqueIdentifier>
      <Extensions>cpp;c;cc;cxx;def;odl;idl;hpj;bat;asm;asmx</Extensions>
    </Filter>
    <Filter Include="Header Files">
      <UniqueIdentifier>{93995380-89BD-4b04-88EB-625FBE52EBFB}</UniqueIdentifier>
      <Extensions>h;hh;hpp;hxx;hm;inl;inc;xsd</Extensions>
    </Filter>
    <Filter Include="Resource Files">
      <UniqueIdentifier>{67DA6AB6-F800-4c08-8B7A-83BB121AAD01}</UniqueIdentifier>
      <Extensions>rc;ico;cur;bmp;dlg;rc2;rct;bin;rgs;gif;jpg;jpeg;jpe;resx;tiff;tif;png;wav;mfcribbon-ms</Extensions>
    </Filter>
    <Filter Include="Header Files\ui">
      <UniqueIdentifier>{6504bea1-1585-4658-9e33-71e7328f11e1}</UniqueIdentifier>
    </Filter>
    <Filter Include="Source Files\particles">
      <UniqueIdentifier>{de479968-03bd-4732-8069-8d6609ea57b7}</UniqueIdentifier>
    </Filter>
    <Filter Include="Source Files\ui">
      <UniqueIdentifier>{447e467a-7981-433c-8ecd-66e3461b0c6d}</UniqueIdentifier>
    </Filter>
    <Filter Include="Source Files\physics">
      <UniqueIdentifier>{b95dd385-02fa-4f54-90b4-e72695a89bec}</UniqueIdentifier>
    </Filter>
    <Filter Include="Header Files\physics">
      <UniqueIdentifier>{dec7a79f-802c-4b0c-8999-ba187c12e005}</UniqueIdentifier>
    </Filter>
  </ItemGroup>
  <ItemGroup>
    <ClCompile Include="src\AnimatedDrawable.cpp">
      <Filter>Source Files</Filter>
    </ClCompile>
    <ClCompile Include="src\AnimationController.cpp">
      <Filter>Source Files</Filter>
    </ClCompile>
    <ClCompile Include="src\App.cpp">
      <Filter>Source Files</Filter>
    </ClCompile>
    <ClCompile Include="src\AudioManager.cpp">
      <Filter>Source Files</Filter>
    </ClCompile>
    <ClCompile Include="src\CommandQueue.cpp">
      <Filter>Source Files</Filter>
    </ClCompile>
    <ClCompile Include="src\Component.cpp">
      <Filter>Source Files</Filter>
    </ClCompile>
    <ClCompile Include="src\Entity.cpp">
      <Filter>Source Files</Filter>
    </ClCompile>
    <ClCompile Include="src\FileSystem.cpp">
      <Filter>Source Files</Filter>
    </ClCompile>
    <ClCompile Include="src\FontResource.cpp">
      <Filter>Source Files</Filter>
    </ClCompile>
    <ClCompile Include="src\MessageBus.cpp">
      <Filter>Source Files</Filter>
    </ClCompile>
    <ClCompile Include="src\Music.cpp">
      <Filter>Source Files</Filter>
    </ClCompile>
    <ClCompile Include="src\PostBloom.cpp">
      <Filter>Source Files</Filter>
    </ClCompile>
    <ClCompile Include="src\PostChromeAb.cpp">
      <Filter>Source Files</Filter>
    </ClCompile>
    <ClCompile Include="src\PostProcess.cpp">
      <Filter>Source Files</Filter>
    </ClCompile>
    <ClCompile Include="src\QuadTree.cpp">
      <Filter>Source Files</Filter>
    </ClCompile>
    <ClCompile Include="src\QuadTreeComponent.cpp">
      <Filter>Source Files</Filter>
    </ClCompile>
    <ClCompile Include="src\QuadTreeNode.cpp">
      <Filter>Source Files</Filter>
    </ClCompile>
    <ClCompile Include="src\Reports.cpp">
      <Filter>Source Files</Filter>
    </ClCompile>
    <ClCompile Include="src\Scene.cpp">
      <Filter>Source Files</Filter>
    </ClCompile>
    <ClCompile Include="src\Score.cpp">
      <Filter>Source Files</Filter>
    </ClCompile>
    <ClCompile Include="src\Server.cpp">
      <Filter>Source Files</Filter>
    </ClCompile>
    <ClCompile Include="src\ShaderResource.cpp">
      <Filter>Source Files</Filter>
    </ClCompile>
    <ClCompile Include="src\SoundPlayer.cpp">
      <Filter>Source Files</Filter>
    </ClCompile>
    <ClCompile Include="src\State.cpp">
      <Filter>Source Files</Filter>
    </ClCompile>
    <ClCompile Include="src\StateStack.cpp">
      <Filter>Source Files</Filter>
    </ClCompile>
    <ClCompile Include="src\ParticleController.cpp">
      <Filter>Source Files\particles</Filter>
    </ClCompile>
    <ClCompile Include="src\ParticleSystem.cpp">
      <Filter>Source Files\particles</Filter>
    </ClCompile>
    <ClCompile Include="src\Affectors.cpp">
      <Filter>Source Files\particles</Filter>
    </ClCompile>
    <ClCompile Include="src\PhysicsRigidBody.cpp">
      <Filter>Source Files\physics</Filter>
    </ClCompile>
    <ClCompile Include="src\PhysicsWorld.cpp">
      <Filter>Source Files\physics</Filter>
    </ClCompile>
    <ClCompile Include="src\UIWindow.cpp">
      <Filter>Source Files\ui</Filter>
    </ClCompile>
    <ClCompile Include="src\UIButton.cpp">
      <Filter>Source Files\ui</Filter>
    </ClCompile>
    <ClCompile Include="src\UICheckBox.cpp">
      <Filter>Source Files\ui</Filter>
    </ClCompile>
    <ClCompile Include="src\UIComboBox.cpp">
      <Filter>Source Files\ui</Filter>
    </ClCompile>
    <ClCompile Include="src\UIContainer.cpp">
      <Filter>Source Files\ui</Filter>
    </ClCompile>
    <ClCompile Include="src\UIControl.cpp">
      <Filter>Source Files\ui</Filter>
    </ClCompile>
    <ClCompile Include="src\UILabel.cpp">
      <Filter>Source Files\ui</Filter>
    </ClCompile>
    <ClCompile Include="src\UIScoreList.cpp">
      <Filter>Source Files\ui</Filter>
    </ClCompile>
    <ClCompile Include="src\UISelection.cpp">
      <Filter>Source Files\ui</Filter>
    </ClCompile>
    <ClCompile Include="src\UISlider.cpp">
      <Filter>Source Files\ui</Filter>
    </ClCompile>
    <ClCompile Include="src\UITextBox.cpp">
      <Filter>Source Files\ui</Filter>
    </ClCompile>
    <ClCompile Include="src\PhysicsCollisionShape.cpp">
      <Filter>Source Files\physics</Filter>
    </ClCompile>
    <ClCompile Include="src\PhysicsCollisionCircleShape.cpp">
      <Filter>Source Files\physics</Filter>
    </ClCompile>
    <ClCompile Include="src\PhysicsCollisionRectangleShape.cpp">
      <Filter>Source Files\physics</Filter>
    </ClCompile>
    <ClCompile Include="src\PhysicsCollisionPolygonShape.cpp">
      <Filter>Source Files\physics</Filter>
    </ClCompile>
    <ClCompile Include="src\PhysicsCollisionEdgeShape.cpp">
      <Filter>Source Files\physics</Filter>
    </ClCompile>
    <ClCompile Include="src\PhysicsDebugDrawer.cpp">
      <Filter>Source Files\physics</Filter>
    </ClCompile>
  </ItemGroup>
  <ItemGroup>
    <ClInclude Include="include\xygine\Affectors.hpp">
      <Filter>Header Files</Filter>
    </ClInclude>
    <ClInclude Include="include\xygine\AnimatedDrawable.hpp">
      <Filter>Header Files</Filter>
    </ClInclude>
    <ClInclude Include="include\xygine\AnimationController.hpp">
      <Filter>Header Files</Filter>
    </ClInclude>
    <ClInclude Include="include\xygine\App.hpp">
      <Filter>Header Files</Filter>
    </ClInclude>
    <ClInclude Include="include\xygine\AudioManager.hpp">
      <Filter>Header Files</Filter>
    </ClInclude>
    <ClInclude Include="include\xygine\Command.hpp">
      <Filter>Header Files</Filter>
    </ClInclude>
    <ClInclude Include="include\xygine\Component.hpp">
      <Filter>Header Files</Filter>
    </ClInclude>
    <ClInclude Include="include\xygine\Entity.hpp">
      <Filter>Header Files</Filter>
    </ClInclude>
    <ClInclude Include="include\xygine\FileSystem.hpp">
      <Filter>Header Files</Filter>
    </ClInclude>
    <ClInclude Include="include\xygine\JsonUtil.hpp">
      <Filter>Header Files</Filter>
    </ClInclude>
    <ClInclude Include="include\xygine\Log.hpp">
      <Filter>Header Files</Filter>
    </ClInclude>
    <ClInclude Include="include\xygine\MessageBus.hpp">
      <Filter>Header Files</Filter>
    </ClInclude>
    <ClInclude Include="include\xygine\Music.hpp">
      <Filter>Header Files</Filter>
    </ClInclude>
    <ClInclude Include="include\xygine\Particle.hpp">
      <Filter>Header Files</Filter>
    </ClInclude>
    <ClInclude Include="include\xygine\ParticleController.hpp">
      <Filter>Header Files</Filter>
    </ClInclude>
    <ClInclude Include="include\xygine\ParticleSystem.hpp">
      <Filter>Header Files</Filter>
    </ClInclude>
    <ClInclude Include="include\xygine\PostBloom.hpp">
      <Filter>Header Files</Filter>
    </ClInclude>
    <ClInclude Include="include\xygine\PostChromeAb.hpp">
      <Filter>Header Files</Filter>
    </ClInclude>
    <ClInclude Include="include\xygine\PostProcess.hpp">
      <Filter>Header Files</Filter>
    </ClInclude>
    <ClInclude Include="include\xygine\Protocol.hpp">
      <Filter>Header Files</Filter>
    </ClInclude>
    <ClInclude Include="include\xygine\QuadTree.hpp">
      <Filter>Header Files</Filter>
    </ClInclude>
    <ClInclude Include="include\xygine\QuadTreeComponent.hpp">
      <Filter>Header Files</Filter>
    </ClInclude>
    <ClInclude Include="include\xygine\QuadTreeNode.hpp">
      <Filter>Header Files</Filter>
    </ClInclude>
    <ClInclude Include="include\xygine\Reports.hpp">
      <Filter>Header Files</Filter>
    </ClInclude>
    <ClInclude Include="include\xygine\Resource.hpp">
      <Filter>Header Files</Filter>
    </ClInclude>
    <ClInclude Include="include\xygine\Scene.hpp">
      <Filter>Header Files</Filter>
    </ClInclude>
    <ClInclude Include="include\xygine\Score.hpp">
      <Filter>Header Files</Filter>
    </ClInclude>
    <ClInclude Include="include\xygine\Server.hpp">
      <Filter>Header Files</Filter>
    </ClInclude>
    <ClInclude Include="include\xygine\ShaderResource.hpp">
      <Filter>Header Files</Filter>
    </ClInclude>
    <ClInclude Include="include\xygine\Shaders.hpp">
      <Filter>Header Files</Filter>
    </ClInclude>
    <ClInclude Include="include\xygine\SoundPlayer.hpp">
      <Filter>Header Files</Filter>
    </ClInclude>
    <ClInclude Include="include\xygine\State.hpp">
      <Filter>Header Files</Filter>
    </ClInclude>
    <ClInclude Include="include\xygine\StateStack.hpp">
      <Filter>Header Files</Filter>
    </ClInclude>
    <ClInclude Include="include\xygine\Util.hpp">
      <Filter>Header Files</Filter>
    </ClInclude>
    <ClInclude Include="include\xygine\ui\Button.hpp">
      <Filter>Header Files\ui</Filter>
    </ClInclude>
    <ClInclude Include="include\xygine\ui\CheckBox.hpp">
      <Filter>Header Files\ui</Filter>
    </ClInclude>
    <ClInclude Include="include\xygine\ui\ComboBox.hpp">
      <Filter>Header Files\ui</Filter>
    </ClInclude>
    <ClInclude Include="include\xygine\ui\Container.hpp">
      <Filter>Header Files\ui</Filter>
    </ClInclude>
    <ClInclude Include="include\xygine\ui\Control.hpp">
      <Filter>Header Files\ui</Filter>
    </ClInclude>
    <ClInclude Include="include\xygine\ui\Label.hpp">
      <Filter>Header Files\ui</Filter>
    </ClInclude>
    <ClInclude Include="include\xygine\ui\ScoreList.hpp">
      <Filter>Header Files\ui</Filter>
    </ClInclude>
    <ClInclude Include="include\xygine\ui\Selection.hpp">
      <Filter>Header Files\ui</Filter>
    </ClInclude>
    <ClInclude Include="include\xygine\ui\Slider.hpp">
      <Filter>Header Files\ui</Filter>
    </ClInclude>
    <ClInclude Include="include\xygine\ui\TextBox.hpp">
      <Filter>Header Files\ui</Filter>
    </ClInclude>
    <ClInclude Include="include\xygine\ui\Window.hpp">
      <Filter>Header Files\ui</Filter>
    </ClInclude>
    <ClInclude Include="include\xygine\Difficulty.hpp">
      <Filter>Header Files</Filter>
    </ClInclude>
    <ClInclude Include="include\xygine\Assert.hpp">
      <Filter>Header Files</Filter>
    </ClInclude>
    <ClInclude Include="include\xygine\physics\World.hpp">
      <Filter>Header Files\physics</Filter>
    </ClInclude>
    <ClInclude Include="include\xygine\physics\RigidBody.hpp">
      <Filter>Header Files\physics</Filter>
    </ClInclude>
    <ClInclude Include="include\xygine\physics\CollisionShape.hpp">
      <Filter>Header Files\physics</Filter>
    </ClInclude>
    <ClInclude Include="include\xygine\physics\CollisionCircleShape.hpp">
      <Filter>Header Files\physics</Filter>
    </ClInclude>
    <ClInclude Include="include\xygine\physics\CollisionRectangleShape.hpp">
      <Filter>Header Files\physics</Filter>
    </ClInclude>
    <ClInclude Include="include\xygine\SfDrawableComponent.hpp">
      <Filter>Header Files</Filter>
    </ClInclude>
    <ClInclude Include="include\xygine\physics\CollisionPolygonShape.hpp">
      <Filter>Header Files\physics</Filter>
    </ClInclude>
    <ClInclude Include="include\xygine\physics\CollisionEdgeShape.hpp">
      <Filter>Header Files\physics</Filter>
    </ClInclude>
    <ClInclude Include="include\xygine\physics\DebugDrawer.hpp">
      <Filter>Header Files\physics</Filter>
    </ClInclude>
  </ItemGroup>
</Project>