<?xml version="1.0" encoding="utf-8"?>
<Project ToolsVersion="4.0" xmlns="http://schemas.microsoft.com/developer/msbuild/2003">
  <ItemGroup>
    <Filter Include="Source Files">
      <UniqueIdentifier>{4FC737F1-C7A5-4376-A066-2A32D752A2FF}</UniqueIdentifier>
      <Extensions>cpp;c;cc;cxx;def;odl;idl;hpj;bat;asm;asmx</Extensions>
    </Filter>
    <Filter Include="Header Files">
      <UniqueIdentifier>{93995380-89BD-4b04-88EB-625FBE52EBFB}</UniqueIdentifier>
      <Extensions>h;hh;hpp;hxx;hm;inl;inc;xsd</Extensions>
    </Filter>
    <Filter Include="Resource Files">
      <UniqueIdentifier>{67DA6AB6-F800-4c08-8B7A-83BB121AAD01}</UniqueIdentifier>
      <Extensions>rc;ico;cur;bmp;dlg;rc2;rct;bin;rgs;gif;jpg;jpeg;jpe;resx;tiff;tif;png;wav;mfcribbon-ms</Extensions>
    </Filter>
  </ItemGroup>
  <ItemGroup>
    <ClCompile Include="src\Game.cpp">
      <Filter>Source Files</Filter>
    </ClCompile>
    <ClCompile Include="src\main.cpp">
      <Filter>Source Files</Filter>
    </ClCompile>
    <ClCompile Include="src\GameState.cpp">
      <Filter>Source Files</Filter>
    </ClCompile>
    <ClCompile Include="src\Server.cpp">
      <Filter>Source Files</Filter>
    </ClCompile>
    <ClCompile Include="src\MenuState.cpp">
      <Filter>Source Files</Filter>
    </ClCompile>
    <ClCompile Include="src\TextboxDirector.cpp">
      <Filter>Source Files</Filter>
    </ClCompile>
    <ClCompile Include="src\PlayerSystem.cpp">
      <Filter>Source Files</Filter>
    </ClCompile>
    <ClCompile Include="src\PlayerInput.cpp">
      <Filter>Source Files</Filter>
    </ClCompile>
    <ClCompile Include="src\ErrorState.cpp">
      <Filter>Source Files</Filter>
    </ClCompile>
    <ClCompile Include="src\ClientServerShared.cpp">
      <Filter>Source Files</Filter>
    </ClCompile>
    <ClCompile Include="src\CollisionSystem.cpp">
      <Filter>Source Files</Filter>
    </ClCompile>
    <ClCompile Include="src\AnimationController.cpp">
      <Filter>Source Files</Filter>
    </ClCompile>
    <ClCompile Include="src\sha1.cpp">
      <Filter>Source Files</Filter>
    </ClCompile>
    <ClCompile Include="src\BubbleSystem.cpp">
      <Filter>Source Files</Filter>
    </ClCompile>
    <ClCompile Include="src\NPCSystem.cpp">
      <Filter>Source Files</Filter>
    </ClCompile>
    <ClCompile Include="src\ParticleDirector.cpp">
      <Filter>Source Files</Filter>
    </ClCompile>
    <ClCompile Include="src\FruitSystem.cpp">
      <Filter>Source Files</Filter>
    </ClCompile>
    <ClCompile Include="src\InventoryDirector.cpp">
      <Filter>Source Files</Filter>
    </ClCompile>
    <ClCompile Include="src\FXDirector.cpp">
      <Filter>Source Files</Filter>
    </ClCompile>
    <ClCompile Include="src\MapAnimator.cpp">
      <Filter>Source Files</Filter>
    </ClCompile>
    <ClCompile Include="src\ScoreTag.cpp">
      <Filter>Source Files</Filter>
    </ClCompile>
    <ClCompile Include="src\PauseState.cpp">
      <Filter>Source Files</Filter>
    </ClCompile>
  </ItemGroup>
  <ItemGroup>
    <ClInclude Include="src\Game.hpp">
      <Filter>Header Files</Filter>
    </ClInclude>
    <ClInclude Include="src\StateIDs.hpp">
      <Filter>Header Files</Filter>
    </ClInclude>
    <ClInclude Include="src\GameState.hpp">
      <Filter>Header Files</Filter>
    </ClInclude>
    <ClInclude Include="src\Server.hpp">
      <Filter>Header Files</Filter>
    </ClInclude>
    <ClInclude Include="src\MapData.hpp">
      <Filter>Header Files</Filter>
    </ClInclude>
    <ClInclude Include="src\PacketIDs.hpp">
      <Filter>Header Files</Filter>
    </ClInclude>
    <ClInclude Include="src\ActorSystem.hpp">
      <Filter>Header Files</Filter>
    </ClInclude>
    <ClInclude Include="src\CommandIDs.hpp">
      <Filter>Header Files</Filter>
    </ClInclude>
    <ClInclude Include="src\MenuState.hpp">
      <Filter>Header Files</Filter>
    </ClInclude>
    <ClInclude Include="src\SharedStateData.hpp">
      <Filter>Header Files</Filter>
    </ClInclude>
    <ClInclude Include="src\TextboxDirector.hpp">
      <Filter>Header Files</Filter>
    </ClInclude>
    <ClInclude Include="src\PlayerSystem.hpp">
      <Filter>Header Files</Filter>
    </ClInclude>
    <ClInclude Include="src\PlayerInput.hpp">
      <Filter>Header Files</Filter>
    </ClInclude>
    <ClInclude Include="src\ServerMessages.hpp">
      <Filter>Header Files</Filter>
    </ClInclude>
    <ClInclude Include="src\ErrorState.hpp">
      <Filter>Header Files</Filter>
    </ClInclude>
    <ClInclude Include="src\Hitbox.hpp">
      <Filter>Header Files</Filter>
    </ClInclude>
    <ClInclude Include="src\ClientServerShared.hpp">
      <Filter>Header Files</Filter>
    </ClInclude>
    <ClInclude Include="src\CollisionSystem.hpp">
      <Filter>Header Files</Filter>
    </ClInclude>
    <ClInclude Include="src\AnimationController.hpp">
      <Filter>Header Files</Filter>
    </ClInclude>
    <ClInclude Include="src\MessageIDs.hpp">
      <Filter>Header Files</Filter>
    </ClInclude>
    <ClInclude Include="src\BubbleSystem.hpp">
      <Filter>Header Files</Filter>
    </ClInclude>
    <ClInclude Include="src\SpriteIDs.hpp">
      <Filter>Header Files</Filter>
    </ClInclude>
    <ClInclude Include="src\NPCSystem.hpp">
      <Filter>Header Files</Filter>
    </ClInclude>
    <ClInclude Include="src\ParticleDirector.hpp">
      <Filter>Header Files</Filter>
    </ClInclude>
    <ClInclude Include="src\FruitSystem.hpp">
      <Filter>Header Files</Filter>
    </ClInclude>
    <ClInclude Include="src\InventoryDirector.hpp">
      <Filter>Header Files</Filter>
    </ClInclude>
    <ClInclude Include="src\FXDirector.hpp">
      <Filter>Header Files</Filter>
    </ClInclude>
    <ClInclude Include="src\MapAnimator.hpp">
      <Filter>Header Files</Filter>
    </ClInclude>
    <ClInclude Include="src\ScoreTag.hpp">
      <Filter>Header Files</Filter>
    </ClInclude>
    <ClInclude Include="src\PauseState.hpp">
      <Filter>Header Files</Filter>
    </ClInclude>
  </ItemGroup>
</Project>